filippo.io/edwards25519 v1.1.0 h1:FNf4tywRC1HmFuKW5xopWpigGjJKiJSV0Cqo0cJWDaA=
filippo.io/edwards25519 v1.1.0/go.mod h1:BxyFTGdWcka3PhytdK4V28tE5sGfRvvvRV7EaN4VDT4=
github.com/sigurn/crc16 v0.0.0-20211026045750-20ab5afb07e3 h1:aQKxg3+2p+IFXXg97McgDGT5zcMrQoi0EICZs8Pgchs=
github.com/sigurn/crc16 v0.0.0-20211026045750-20ab5afb07e3/go.mod h1:9/etS5gpQq9BJsJMWg1wpLbfuSnkm8dPF6FdW2JXVhA=
github.com/xssnick/raptorq v1.0.0 h1:l77lntIV/W/SV9rZjF4wRpIhikQm8nBHtB3h+qiu2cM=
github.com/xssnick/raptorq v1.0.0/go.mod h1:kgEVVsZv2hP+IeV7C7985KIFsDdvYq2ARW234SBA9Q4=
github.com/xssnick/tonutils-go v1.14.0 h1:9+WXLKleINMWTSBN/uRJuE3d2BRYtxDh55hCG5PYCBE=
github.com/xssnick/tonutils-go v1.14.0/go.mod h1:68xwWjpoGGqiTbLJ0gT63sKu1Z1moCnDLLzA+DKanIg=
